
Microsoft Visual Studio Solution File, Format Version 12.00
# Visual Studio 15
VisualStudioVersion = 15.0.27703.2035
MinimumVisualStudioVersion = 10.0.40219.1
Project("{FAE04EC0-301F-11D3-BF4B-00C04F79EFBC}") = "xUnitFullFramework", "xUnitFullFramework\xUnitFullFramework.csproj", "{B8312E94-B0D5-48AF-901D-10C82E3A3C38}"
EndProject
Project("{FAE04EC0-301F-11D3-BF4B-00C04F79EFBC}") = "UnitTest_xUnit", "UnitTest_xUnit\UnitTest_xUnit.csproj", "{C5DD7A49-6E67-4B3A-91FE-B7FD140922BC}"
EndProject
Global
	GlobalSection(SolutionConfigurationPlatforms) = preSolution
		Debug|Any CPU = Debug|Any CPU
		Release|Any CPU = Release|Any CPU
	EndGlobalSection
	GlobalSection(ProjectConfigurationPlatforms) = postSolution
		{B8312E94-B0D5-48AF-901D-10C82E3A3C38}.Debug|Any CPU.ActiveCfg = Debug|Any CPU
		{B8312E94-B0D5-48AF-901D-10C82E3A3C38}.Debug|Any CPU.Build.0 = Debug|Any CPU
		{B8312E94-B0D5-48AF-901D-10C82E3A3C38}.Release|Any CPU.ActiveCfg = Release|Any CPU
		{B8312E94-B0D5-48AF-901D-10C82E3A3C38}.Release|Any CPU.Build.0 = Release|Any CPU
		{C5DD7A49-6E67-4B3A-91FE-B7FD140922BC}.Debug|Any CPU.ActiveCfg = Debug|Any CPU
		{C5DD7A49-6E67-4B3A-91FE-B7FD140922BC}.Debug|Any CPU.Build.0 = Debug|Any CPU
		{C5DD7A49-6E67-4B3A-91FE-B7FD140922BC}.Release|Any CPU.ActiveCfg = Release|Any CPU
		{C5DD7A49-6E67-4B3A-91FE-B7FD140922BC}.Release|Any CPU.Build.0 = Release|Any CPU
	EndGlobalSection
	GlobalSection(SolutionProperties) = preSolution
		HideSolutionNode = FALSE
	EndGlobalSection
	GlobalSection(ExtensibilityGlobals) = postSolution
		SolutionGuid = {85F4EBE3-DD82-49CD-AD22-2E31F27623AA}
	EndGlobalSection
EndGlobal
